
Microsoft Visual Studio Solution File, Format Version 12.00
# Visual Studio 14
VisualStudioVersion = 14.0.25420.1
MinimumVisualStudioVersion = 10.0.40219.1
Project("{2150E333-8FDC-42A3-9474-1A3956D46DE8}") = "BaseLogic", "BaseLogic", "{3441939B-D5CA-40A3-9A06-BA39D96A7EF0}"
EndProject
Project("{2150E333-8FDC-42A3-9474-1A3956D46DE8}") = "BaseWeb", "BaseWeb", "{46E53734-9B67-483F-99B9-146BF03E4FD0}"
EndProject
Project("{FAE04EC0-301F-11D3-BF4B-00C04F79EFBC}") = "Base.Logic", "BusinessModule\BaseLogic\Base.Logic\Base.Logic.csproj", "{EC8BB43B-4F2B-4E79-9BE7-5521D4A86F62}"
EndProject
Project("{FAE04EC0-301F-11D3-BF4B-00C04F79EFBC}") = "FileStore.Logic", "BusinessModule\BaseLogic\FileStore.Logic\FileStore.Logic.csproj", "{566C4265-E839-4583-963D-E0CDBEF291F3}"
EndProject
Project("{FAE04EC0-301F-11D3-BF4B-00C04F79EFBC}") = "Workflow.Logic", "BusinessModule\BaseLogic\Workflow.Logic\Workflow.Logic.csproj", "{ED0D8A90-6A47-4092-802B-869E4A76B41D}"
EndProject
Project("{2150E333-8FDC-42A3-9474-1A3956D46DE8}") = "WebApp", "WebApp", "{E911D278-E59B-488F-811E-7382C3369F0A}"
EndProject
Project("{2150E333-8FDC-42A3-9474-1A3956D46DE8}") = "WebLogic", "WebLogic", "{3C1FFABA-831A-4EA8-9565-ED93418F41CE}"
EndProject
Project("{FAE04EC0-301F-11D3-BF4B-00C04F79EFBC}") = "Base", "WebApp\Base\Base.csproj", "{7999354B-90F9-40EB-8CC5-2E1758A200DF}"
EndProject
Project("{FAE04EC0-301F-11D3-BF4B-00C04F79EFBC}") = "CommonWebResource", "WebApp\CommonWebResource\CommonWebResource.csproj", "{42D710E0-D779-41A0-A8D1-70BE32D7CA55}"
EndProject
Project("{FAE04EC0-301F-11D3-BF4B-00C04F79EFBC}") = "DevPivotGrid", "WebApp\DevPivotGrid\DevPivotGrid.csproj", "{581C3472-AEB9-46F3-9979-BB8E60034EAA}"
EndProject
Project("{FAE04EC0-301F-11D3-BF4B-00C04F79EFBC}") = "FileStore", "WebApp\FileStore\FileStore.csproj", "{B66F41DE-4D58-4609-87B2-A5C27FA8C9D5}"
EndProject
Project("{FAE04EC0-301F-11D3-BF4B-00C04F79EFBC}") = "MvcConfig", "WebApp\MvcConfig\MvcConfig.csproj", "{95B2F83E-886D-43B2-A250-DBD783C4762B}"
EndProject
Project("{FAE04EC0-301F-11D3-BF4B-00C04F79EFBC}") = "Workflow", "WebApp\Workflow\Workflow.csproj", "{F045F478-B66C-4A94-80CE-B387BFB38636}"
EndProject
Project("{FAE04EC0-301F-11D3-BF4B-00C04F79EFBC}") = "PortalLTE", "WebApp\PortalLTE\PortalLTE.csproj", "{6C28D6CF-8405-429D-845B-8D72781C21AE}"
EndProject
Project("{2150E333-8FDC-42A3-9474-1A3956D46DE8}") = "ConfigFile", "ConfigFile", "{01745374-F035-415A-B803-E8C47048C690}"
	ProjectSection(SolutionItems) = preProject
		WebApp\Web.config = WebApp\Web.config
	EndProjectSection
EndProject
Project("{FAE04EC0-301F-11D3-BF4B-00C04F79EFBC}") = "EPC", "WebApp\EPC\EPC.csproj", "{F08387A1-F15F-4A0F-8943-514111065839}"
EndProject
Project("{FAE04EC0-301F-11D3-BF4B-00C04F79EFBC}") = "Comprehensive.Logic", "BusinessModule\Logic\Comprehensive.Logic\Comprehensive.Logic.csproj", "{A2BC424A-0D2D-48C8-9A77-E98FF2E3A354}"
EndProject
Project("{FAE04EC0-301F-11D3-BF4B-00C04F79EFBC}") = "Comprehensive", "WebApp\Comprehensive\Comprehensive.csproj", "{D72E035A-4700-4D6B-805F-4F08E76D5FE7}"
EndProject
Project("{FAE04EC0-301F-11D3-BF4B-00C04F79EFBC}") = "Design.Logic", "BusinessModule\Logic\Project.Logic\Design.Logic.csproj", "{D9E8179E-3AD1-459F-9F20-257BECB89D2D}"
EndProject
Project("{FAE04EC0-301F-11D3-BF4B-00C04F79EFBC}") = "EPC.Model", "BusinessModule\Logic\EPC.Model\EPC.Model.csproj", "{3D6F7E9F-1903-418F-8772-E83BF0EB1766}"
EndProject
Project("{FAE04EC0-301F-11D3-BF4B-00C04F79EFBC}") = "Project", "WebApp\Project\Project.csproj", "{79ED3554-8ADF-416E-A098-503BB95ACB4C}"
EndProject
Project("{FAE04EC0-301F-11D3-BF4B-00C04F79EFBC}") = "DocSystem.Logic", "BusinessModule\Logic\DocSystem.Logic\DocSystem.Logic.csproj", "{2F7C2956-01DE-4E1F-AB40-013F9E35552C}"
EndProject
Project("{FAE04EC0-301F-11D3-BF4B-00C04F79EFBC}") = "OfficeAuto.Logic", "BusinessModule\Logic\OfficeAuto.Logic\OfficeAuto.Logic.csproj", "{45975D84-EAE4-4967-AD4B-0482BF2AC033}"
EndProject
Project("{FAE04EC0-301F-11D3-BF4B-00C04F79EFBC}") = "HR", "WebApp\HR\HR.csproj", "{40F0E308-58B0-490A-A7C5-8BEF8EEB44FE}"
EndProject
Project("{FAE04EC0-301F-11D3-BF4B-00C04F79EFBC}") = "HR.Logic", "BusinessModule\Logic\HR.Logic\HR.Logic.csproj", "{83327B3A-859A-470A-A69D-8FAB7B65FB9F}"
EndProject
Project("{FAE04EC0-301F-11D3-BF4B-00C04F79EFBC}") = "OfficeAuto", "WebApp\OfficeAuto\OfficeAuto.csproj", "{B9C83319-E21B-4E03-B313-21ACA0E8D523}"
EndProject
Project("{2150E333-8FDC-42A3-9474-1A3956D46DE8}") = "BaseFrame", "BaseFrame", "{610FC440-BB55-42C6-8B3B-D4837E96DC28}"
EndProject
Global
	GlobalSection(SolutionConfigurationPlatforms) = preSolution
		Debug|Any CPU = Debug|Any CPU
		Release|Any CPU = Release|Any CPU
	EndGlobalSection
	GlobalSection(ProjectConfigurationPlatforms) = postSolution
		{EC8BB43B-4F2B-4E79-9BE7-5521D4A86F62}.Debug|Any CPU.ActiveCfg = Debug|Any CPU
		{EC8BB43B-4F2B-4E79-9BE7-5521D4A86F62}.Debug|Any CPU.Build.0 = Debug|Any CPU
		{EC8BB43B-4F2B-4E79-9BE7-5521D4A86F62}.Release|Any CPU.ActiveCfg = Release|Any CPU
		{EC8BB43B-4F2B-4E79-9BE7-5521D4A86F62}.Release|Any CPU.Build.0 = Release|Any CPU
		{566C4265-E839-4583-963D-E0CDBEF291F3}.Debug|Any CPU.ActiveCfg = Debug|Any CPU
		{566C4265-E839-4583-963D-E0CDBEF291F3}.Debug|Any CPU.Build.0 = Debug|Any CPU
		{566C4265-E839-4583-963D-E0CDBEF291F3}.Release|Any CPU.ActiveCfg = Release|Any CPU
		{566C4265-E839-4583-963D-E0CDBEF291F3}.Release|Any CPU.Build.0 = Release|Any CPU
		{ED0D8A90-6A47-4092-802B-869E4A76B41D}.Debug|Any CPU.ActiveCfg = Debug|Any CPU
		{ED0D8A90-6A47-4092-802B-869E4A76B41D}.Debug|Any CPU.Build.0 = Debug|Any CPU
		{ED0D8A90-6A47-4092-802B-869E4A76B41D}.Release|Any CPU.ActiveCfg = Release|Any CPU
		{ED0D8A90-6A47-4092-802B-869E4A76B41D}.Release|Any CPU.Build.0 = Release|Any CPU
		{7999354B-90F9-40EB-8CC5-2E1758A200DF}.Debug|Any CPU.ActiveCfg = Debug|Any CPU
		{7999354B-90F9-40EB-8CC5-2E1758A200DF}.Debug|Any CPU.Build.0 = Debug|Any CPU
		{7999354B-90F9-40EB-8CC5-2E1758A200DF}.Release|Any CPU.ActiveCfg = Release|Any CPU
		{7999354B-90F9-40EB-8CC5-2E1758A200DF}.Release|Any CPU.Build.0 = Release|Any CPU
		{42D710E0-D779-41A0-A8D1-70BE32D7CA55}.Debug|Any CPU.ActiveCfg = Debug|Any CPU
		{42D710E0-D779-41A0-A8D1-70BE32D7CA55}.Debug|Any CPU.Build.0 = Debug|Any CPU
		{42D710E0-D779-41A0-A8D1-70BE32D7CA55}.Release|Any CPU.ActiveCfg = Release|Any CPU
		{42D710E0-D779-41A0-A8D1-70BE32D7CA55}.Release|Any CPU.Build.0 = Release|Any CPU
		{581C3472-AEB9-46F3-9979-BB8E60034EAA}.Debug|Any CPU.ActiveCfg = Debug|Any CPU
		{581C3472-AEB9-46F3-9979-BB8E60034EAA}.Debug|Any CPU.Build.0 = Debug|Any CPU
		{581C3472-AEB9-46F3-9979-BB8E60034EAA}.Release|Any CPU.ActiveCfg = Release|Any CPU
		{581C3472-AEB9-46F3-9979-BB8E60034EAA}.Release|Any CPU.Build.0 = Release|Any CPU
		{B66F41DE-4D58-4609-87B2-A5C27FA8C9D5}.Debug|Any CPU.ActiveCfg = Debug|Any CPU
		{B66F41DE-4D58-4609-87B2-A5C27FA8C9D5}.Debug|Any CPU.Build.0 = Debug|Any CPU
		{B66F41DE-4D58-4609-87B2-A5C27FA8C9D5}.Release|Any CPU.ActiveCfg = Release|Any CPU
		{B66F41DE-4D58-4609-87B2-A5C27FA8C9D5}.Release|Any CPU.Build.0 = Release|Any CPU
		{95B2F83E-886D-43B2-A250-DBD783C4762B}.Debug|Any CPU.ActiveCfg = Debug|Any CPU
		{95B2F83E-886D-43B2-A250-DBD783C4762B}.Debug|Any CPU.Build.0 = Debug|Any CPU
		{95B2F83E-886D-43B2-A250-DBD783C4762B}.Release|Any CPU.ActiveCfg = Release|Any CPU
		{95B2F83E-886D-43B2-A250-DBD783C4762B}.Release|Any CPU.Build.0 = Release|Any CPU
		{F045F478-B66C-4A94-80CE-B387BFB38636}.Debug|Any CPU.ActiveCfg = Debug|Any CPU
		{F045F478-B66C-4A94-80CE-B387BFB38636}.Debug|Any CPU.Build.0 = Debug|Any CPU
		{F045F478-B66C-4A94-80CE-B387BFB38636}.Release|Any CPU.ActiveCfg = Release|Any CPU
		{F045F478-B66C-4A94-80CE-B387BFB38636}.Release|Any CPU.Build.0 = Release|Any CPU
		{6C28D6CF-8405-429D-845B-8D72781C21AE}.Debug|Any CPU.ActiveCfg = Debug|Any CPU
		{6C28D6CF-8405-429D-845B-8D72781C21AE}.Debug|Any CPU.Build.0 = Debug|Any CPU
		{6C28D6CF-8405-429D-845B-8D72781C21AE}.Release|Any CPU.ActiveCfg = Release|Any CPU
		{6C28D6CF-8405-429D-845B-8D72781C21AE}.Release|Any CPU.Build.0 = Release|Any CPU
		{F08387A1-F15F-4A0F-8943-514111065839}.Debug|Any CPU.ActiveCfg = Debug|Any CPU
		{F08387A1-F15F-4A0F-8943-514111065839}.Debug|Any CPU.Build.0 = Debug|Any CPU
		{F08387A1-F15F-4A0F-8943-514111065839}.Release|Any CPU.ActiveCfg = Release|Any CPU
		{F08387A1-F15F-4A0F-8943-514111065839}.Release|Any CPU.Build.0 = Release|Any CPU
		{A2BC424A-0D2D-48C8-9A77-E98FF2E3A354}.Debug|Any CPU.ActiveCfg = Debug|Any CPU
		{A2BC424A-0D2D-48C8-9A77-E98FF2E3A354}.Debug|Any CPU.Build.0 = Debug|Any CPU
		{A2BC424A-0D2D-48C8-9A77-E98FF2E3A354}.Release|Any CPU.ActiveCfg = Release|Any CPU
		{A2BC424A-0D2D-48C8-9A77-E98FF2E3A354}.Release|Any CPU.Build.0 = Release|Any CPU
		{D72E035A-4700-4D6B-805F-4F08E76D5FE7}.Debug|Any CPU.ActiveCfg = Debug|Any CPU
		{D72E035A-4700-4D6B-805F-4F08E76D5FE7}.Debug|Any CPU.Build.0 = Debug|Any CPU
		{D72E035A-4700-4D6B-805F-4F08E76D5FE7}.Release|Any CPU.ActiveCfg = Release|Any CPU
		{D72E035A-4700-4D6B-805F-4F08E76D5FE7}.Release|Any CPU.Build.0 = Release|Any CPU
		{D9E8179E-3AD1-459F-9F20-257BECB89D2D}.Debug|Any CPU.ActiveCfg = Debug|Any CPU
		{D9E8179E-3AD1-459F-9F20-257BECB89D2D}.Debug|Any CPU.Build.0 = Debug|Any CPU
		{D9E8179E-3AD1-459F-9F20-257BECB89D2D}.Release|Any CPU.ActiveCfg = Release|Any CPU
		{D9E8179E-3AD1-459F-9F20-257BECB89D2D}.Release|Any CPU.Build.0 = Release|Any CPU
		{3D6F7E9F-1903-418F-8772-E83BF0EB1766}.Debug|Any CPU.ActiveCfg = Debug|Any CPU
		{3D6F7E9F-1903-418F-8772-E83BF0EB1766}.Debug|Any CPU.Build.0 = Debug|Any CPU
		{3D6F7E9F-1903-418F-8772-E83BF0EB1766}.Release|Any CPU.ActiveCfg = Release|Any CPU
		{3D6F7E9F-1903-418F-8772-E83BF0EB1766}.Release|Any CPU.Build.0 = Release|Any CPU
		{79ED3554-8ADF-416E-A098-503BB95ACB4C}.Debug|Any CPU.ActiveCfg = Debug|Any CPU
		{79ED3554-8ADF-416E-A098-503BB95ACB4C}.Debug|Any CPU.Build.0 = Debug|Any CPU
		{79ED3554-8ADF-416E-A098-503BB95ACB4C}.Release|Any CPU.ActiveCfg = Release|Any CPU
		{79ED3554-8ADF-416E-A098-503BB95ACB4C}.Release|Any CPU.Build.0 = Release|Any CPU
		{2F7C2956-01DE-4E1F-AB40-013F9E35552C}.Debug|Any CPU.ActiveCfg = Debug|Any CPU
		{2F7C2956-01DE-4E1F-AB40-013F9E35552C}.Debug|Any CPU.Build.0 = Debug|Any CPU
		{2F7C2956-01DE-4E1F-AB40-013F9E35552C}.Release|Any CPU.ActiveCfg = Release|Any CPU
		{2F7C2956-01DE-4E1F-AB40-013F9E35552C}.Release|Any CPU.Build.0 = Release|Any CPU
		{45975D84-EAE4-4967-AD4B-0482BF2AC033}.Debug|Any CPU.ActiveCfg = Debug|Any CPU
		{45975D84-EAE4-4967-AD4B-0482BF2AC033}.Debug|Any CPU.Build.0 = Debug|Any CPU
		{45975D84-EAE4-4967-AD4B-0482BF2AC033}.Release|Any CPU.ActiveCfg = Release|Any CPU
		{45975D84-EAE4-4967-AD4B-0482BF2AC033}.Release|Any CPU.Build.0 = Release|Any CPU
		{40F0E308-58B0-490A-A7C5-8BEF8EEB44FE}.Debug|Any CPU.ActiveCfg = Debug|Any CPU
		{40F0E308-58B0-490A-A7C5-8BEF8EEB44FE}.Debug|Any CPU.Build.0 = Debug|Any CPU
		{40F0E308-58B0-490A-A7C5-8BEF8EEB44FE}.Release|Any CPU.ActiveCfg = Release|Any CPU
		{40F0E308-58B0-490A-A7C5-8BEF8EEB44FE}.Release|Any CPU.Build.0 = Release|Any CPU
		{83327B3A-859A-470A-A69D-8FAB7B65FB9F}.Debug|Any CPU.ActiveCfg = Debug|Any CPU
		{83327B3A-859A-470A-A69D-8FAB7B65FB9F}.Debug|Any CPU.Build.0 = Debug|Any CPU
		{83327B3A-859A-470A-A69D-8FAB7B65FB9F}.Release|Any CPU.ActiveCfg = Release|Any CPU
		{83327B3A-859A-470A-A69D-8FAB7B65FB9F}.Release|Any CPU.Build.0 = Release|Any CPU
		{B9C83319-E21B-4E03-B313-21ACA0E8D523}.Debug|Any CPU.ActiveCfg = Debug|Any CPU
		{B9C83319-E21B-4E03-B313-21ACA0E8D523}.Debug|Any CPU.Build.0 = Debug|Any CPU
		{B9C83319-E21B-4E03-B313-21ACA0E8D523}.Release|Any CPU.ActiveCfg = Release|Any CPU
		{B9C83319-E21B-4E03-B313-21ACA0E8D523}.Release|Any CPU.Build.0 = Release|Any CPU
	EndGlobalSection
	GlobalSection(SolutionProperties) = preSolution
		HideSolutionNode = FALSE
	EndGlobalSection
	GlobalSection(NestedProjects) = preSolution
		{EC8BB43B-4F2B-4E79-9BE7-5521D4A86F62} = {3441939B-D5CA-40A3-9A06-BA39D96A7EF0}
		{566C4265-E839-4583-963D-E0CDBEF291F3} = {3441939B-D5CA-40A3-9A06-BA39D96A7EF0}
		{ED0D8A90-6A47-4092-802B-869E4A76B41D} = {3441939B-D5CA-40A3-9A06-BA39D96A7EF0}
		{7999354B-90F9-40EB-8CC5-2E1758A200DF} = {46E53734-9B67-483F-99B9-146BF03E4FD0}
		{42D710E0-D779-41A0-A8D1-70BE32D7CA55} = {46E53734-9B67-483F-99B9-146BF03E4FD0}
		{581C3472-AEB9-46F3-9979-BB8E60034EAA} = {46E53734-9B67-483F-99B9-146BF03E4FD0}
		{B66F41DE-4D58-4609-87B2-A5C27FA8C9D5} = {46E53734-9B67-483F-99B9-146BF03E4FD0}
		{95B2F83E-886D-43B2-A250-DBD783C4762B} = {46E53734-9B67-483F-99B9-146BF03E4FD0}
		{F045F478-B66C-4A94-80CE-B387BFB38636} = {46E53734-9B67-483F-99B9-146BF03E4FD0}
		{6C28D6CF-8405-429D-845B-8D72781C21AE} = {E911D278-E59B-488F-811E-7382C3369F0A}
		{F08387A1-F15F-4A0F-8943-514111065839} = {E911D278-E59B-488F-811E-7382C3369F0A}
		{A2BC424A-0D2D-48C8-9A77-E98FF2E3A354} = {3C1FFABA-831A-4EA8-9565-ED93418F41CE}
		{D72E035A-4700-4D6B-805F-4F08E76D5FE7} = {E911D278-E59B-488F-811E-7382C3369F0A}
		{D9E8179E-3AD1-459F-9F20-257BECB89D2D} = {3C1FFABA-831A-4EA8-9565-ED93418F41CE}
		{3D6F7E9F-1903-418F-8772-E83BF0EB1766} = {3C1FFABA-831A-4EA8-9565-ED93418F41CE}
		{79ED3554-8ADF-416E-A098-503BB95ACB4C} = {E911D278-E59B-488F-811E-7382C3369F0A}
		{2F7C2956-01DE-4E1F-AB40-013F9E35552C} = {3C1FFABA-831A-4EA8-9565-ED93418F41CE}
		{45975D84-EAE4-4967-AD4B-0482BF2AC033} = {3C1FFABA-831A-4EA8-9565-ED93418F41CE}
		{40F0E308-58B0-490A-A7C5-8BEF8EEB44FE} = {E911D278-E59B-488F-811E-7382C3369F0A}
		{83327B3A-859A-470A-A69D-8FAB7B65FB9F} = {3C1FFABA-831A-4EA8-9565-ED93418F41CE}
		{B9C83319-E21B-4E03-B313-21ACA0E8D523} = {E911D278-E59B-488F-811E-7382C3369F0A}
	EndGlobalSection
	GlobalSection(ExtensibilityGlobals) = postSolution
		SolutionGuid = {429334DC-2B65-4557-B0BB-97EC3DFA1BCF}
		VisualSVNWorkingCopyRoot = .
	EndGlobalSection
EndGlobal
